{
    "_readme": [
        "This file locks the dependencies of your project to a known state",
        "Read more about it at https://getcomposer.org/doc/01-basic-usage.md#installing-dependencies",
        "This file is @generated automatically"
    ],
    "content-hash": "d9a0d5e4505726dcf5100253e7fe8842",
    "packages": [
        {
            "name": "makeitworkpress/wp-custom-fields",
            "version": "dev-master",
            "source": {
                "type": "git",
                "url": "https://github.com/makeitworkpress/wp-custom-fields.git",
                "reference": "ee338375bfe64715bd8001a8e32b5762f32f5bad"
            },
            "require": {
                "php": ">=5.3"
            },
            "type": "library",
            "autoload": {
                "psr-4": {
                    "MakeitWorkPress\\WP_Custom_Fields\\": "src"
                }
            },
            "license": [
                "GPL"
            ],
            "authors": [
                {
                    "name": "Michiel Tramper",
                    "email": "michiel@makeitworkpress.com",
                    "homepage": "https://www.makeitworkpress.com"
                }
            ],
            "description": "WP Custom Fields allows you to add custom fields easily to options pages, post, taxonomy and usermeta and customizer fields.",
            "homepage": "https://github.com/makeitworkpress/wp-custom-fields",
            "time": "2022-11-17T13:22:17+00:00"
        },
        {
            "name": "mehrshaddarzi/wp-trait",
            "version": "v1.0.37",
            "source": {
                "type": "git",
                "url": "https://github.com/mehrshaddarzi/wp-trait.git",
                "reference": "957cb029e5ad6f40c2d3372cd3dc34d38781bd15"
            },
            "dist": {
                "type": "zip",
                "url": "https://api.github.com/repos/mehrshaddarzi/wp-trait/zipball/957cb029e5ad6f40c2d3372cd3dc34d38781bd15",
                "reference": "957cb029e5ad6f40c2d3372cd3dc34d38781bd15",
                "shasum": ""
            },
            "require": {
                "ext-json": "*",
                "php": ">=7.2"
            },
            "type": "package",
            "autoload": {
                "psr-4": {
                    "WPTrait\\": "src/"
                }
            },
            "notification-url": "https://packagist.org/downloads/",
            "authors": [
                {
                    "name": "Mehrshad Darzi",
                    "email": "mehrshad198@gmail.com",
                    "homepage": "https://github.com/mehrshaddarzi"
                }
            ],
            "description": "Easy framework for fast and standard development of WordPress plugins",
            "time": "2022-10-03T14:01:06+00:00"
        },
        {
            "name": "stylemixthemes/nuxy",
            "version": "dev-master",
            "source": {
                "type": "git",
                "url": "https://github.com/StylemixThemes/nuxy.git",
                "reference": "master"
            },
            "type": "library",
            "time": "2022-11-18T06:01:40+00:00"
        },
        {
            "name": "yahnis-elsts/plugin-update-checker",
            "version": "v5.0",
            "source": {
                "type": "git",
                "url": "https://github.com/YahnisElsts/plugin-update-checker.git",
                "reference": "81be284da76f12c8751b477b2a0fa44364d26f84"
            },
            "dist": {
                "type": "zip",
                "url": "https://api.github.com/repos/YahnisElsts/plugin-update-checker/zipball/81be284da76f12c8751b477b2a0fa44364d26f84",
                "reference": "81be284da76f12c8751b477b2a0fa44364d26f84",
                "shasum": ""
            },
            "require": {
                "ext-json": "*",
                "php": ">=5.6.20"
            },
            "type": "library",
            "autoload": {
                "files": [
                    "load-v5p0.php"
                ]
            },
            "notification-url": "https://packagist.org/downloads/",
            "license": [
                "MIT"
            ],
            "authors": [
                {
                    "name": "Yahnis Elsts",
                    "email": "whiteshadow@w-shadow.com",
                    "homepage": "https://w-shadow.com/",
                    "role": "Developer"
                }
            ],
            "description": "A custom update checker for WordPress plugins and themes. Useful if you can't host your plugin in the official WP repository but still want it to support automatic updates.",
            "homepage": "https://github.com/YahnisElsts/plugin-update-checker/",
            "keywords": [
                "automatic updates",
                "plugin updates",
                "theme updates",
                "wordpress"
            ],
            "time": "2022-10-28T17:46:32+00:00"
        }
    ],
    "packages-dev": [],
    "aliases": [],
    "minimum-stability": "stable",
    "stability-flags": {
        "makeitworkpress/wp-custom-fields": 20,
        "stylemixthemes/nuxy": 20
    },
    "prefer-stable": false,
    "prefer-lowest": false,
    "platform": {
        "php": ">=7.4"
    },
    "platform-dev": [],
    "plugin-api-version": "1.1.0"
}
